<Solution>
  <Project Path="AutoHandAssembly.csproj" />
  <Project Path="RootMotion.csproj" />
  <Project Path="UniTask.csproj" />
  <Project Path="RootMotionEditor.csproj" />
  <Project Path="VHierarchy.csproj" />
  <Project Path="Assembly-CSharp.csproj" />
  <Project Path="UniTask.DOTween.csproj" />
  <Project Path="UniTask.Linq.csproj" />
  <Project Path="XuchFramework.Editor.csproj" />
  <Project Path="FMODUnityResonanceEditor.csproj" />
  <Project Path="VInspector.csproj" />
  <Project Path="VFolders.csproj" />
  <Project Path="FMODUnityEditor.csproj" />
  <Project Path="Assembly-CSharp-firstpass.csproj" />
  <Project Path="FMODUnity.csproj" />
  <Project Path="XuchFramework.Core.csproj" />
  <Project Path="BoneRenderer.Editor.csproj" />
  <Project Path="Autohand.XR.csproj" />
  <Project Path="Autohand.Editor.csproj" />
  <Project Path="BoneRenderer.csproj" />
  <Project Path="UniTask.Editor.csproj" />
  <Project Path="Sirenix.OdinInspector.Modules.Unity.Addressables.csproj" />
  <Project Path="UniTask.Addressables.csproj" />
  <Project Path="FMODUnityResonance.csproj" />
  <Project Path="VTabs.csproj" />
  <Project Path="Sirenix.OdinInspector.Modules.UnityMathematics.csproj" />
  <Project Path="Autohand.XR.Editor.csproj" />
  <Project Path="UniTask.TextMeshPro.csproj" />
</Solution>
